
Microsoft Visual Studio Solution File, Format Version 12.00
# Visual Studio Version 16
VisualStudioVersion = 16.0.29709.97
MinimumVisualStudioVersion = 10.0.40219.1
Project("{FAE04EC0-301F-11D3-BF4B-00C04F79EFBC}") = "model", "experiment-design\model.csproj", "{FF400AD7-2DA4-4AE4-9D63-39D94D7DB127}"
EndProject
Project("{FAE04EC0-301F-11D3-BF4B-00C04F79EFBC}") = "ui", "ui\ui.csproj", "{EBFA7153-53E1-48B5-A711-47102502C75C}"
EndProject
Global
	GlobalSection(SolutionConfigurationPlatforms) = preSolution
		Debug|Any CPU = Debug|Any CPU
		Release|Any CPU = Release|Any CPU
	EndGlobalSection
	GlobalSection(ProjectConfigurationPlatforms) = postSolution
		{FF400AD7-2DA4-4AE4-9D63-39D94D7DB127}.Debug|Any CPU.ActiveCfg = Debug|Any CPU
		{FF400AD7-2DA4-4AE4-9D63-39D94D7DB127}.Debug|Any CPU.Build.0 = Debug|Any CPU
		{FF400AD7-2DA4-4AE4-9D63-39D94D7DB127}.Release|Any CPU.ActiveCfg = Release|Any CPU
		{FF400AD7-2DA4-4AE4-9D63-39D94D7DB127}.Release|Any CPU.Build.0 = Release|Any CPU
		{EBFA7153-53E1-48B5-A711-47102502C75C}.Debug|Any CPU.ActiveCfg = Debug|Any CPU
		{EBFA7153-53E1-48B5-A711-47102502C75C}.Debug|Any CPU.Build.0 = Debug|Any CPU
		{EBFA7153-53E1-48B5-A711-47102502C75C}.Release|Any CPU.ActiveCfg = Release|Any CPU
		{EBFA7153-53E1-48B5-A711-47102502C75C}.Release|Any CPU.Build.0 = Release|Any CPU
	EndGlobalSection
	GlobalSection(SolutionProperties) = preSolution
		HideSolutionNode = FALSE
	EndGlobalSection
	GlobalSection(ExtensibilityGlobals) = postSolution
		SolutionGuid = {812AA553-4E4D-4026-92A3-0B0E472A36BD}
	EndGlobalSection
EndGlobal
